PODS:
  - FLUtilities (0.1.0)
  - MBProgressHUD (1.0.0)

DEPENDENCIES:
  - FLUtilities (from `https://github.com/Nickelfox/FLUtilities.git`)
  - MBProgressHUD (~> 1.0)

EXTERNAL SOURCES:
  FLUtilities:
    :git: https://github.com/Nickelfox/FLUtilities.git

CHECKOUT OPTIONS:
  FLUtilities:
    :commit: a030c5bc1b4d2b704772cad854c5a2a223b5b3f8
    :git: https://github.com/Nickelfox/FLUtilities.git

SPEC CHECKSUMS:
  FLUtilities: 1b101734a35e894fd019e3fe6b430214c8fa3186
  MBProgressHUD: 4890f671c94e8a0f3cf959aa731e9de2f036d71a

PODFILE CHECKSUM: 90e45ee8f16b5a8bd1dc3d62f3a675d73aca90e0

COCOAPODS: 1.1.0.rc.2
