// !$*UTF8*$!
{
	archiveVersion = 1;
	classes = {
	};
	objectVersion = 46;
	objects = {

/* Begin PBXBuildFile section */
		6D61B9041E03C42D00BC1722 /* AppDelegate.swift in Sources */ = {isa = PBXBuildFile; fileRef = 6D61B8F61E03C42D00BC1722 /* AppDelegate.swift */; };
		6D61B9051E03C42D00BC1722 /* Assets.xcassets in Resources */ = {isa = PBXBuildFile; fileRef = 6D61B8F91E03C42D00BC1722 /* Assets.xcassets */; };
		6D61B9061E03C42D00BC1722 /* LaunchScreen.storyboard in Resources */ = {isa = PBXBuildFile; fileRef = 6D61B8FA1E03C42D00BC1722 /* LaunchScreen.storyboard */; };
		6D61B9071E03C42D00BC1722 /* Main.storyboard in Resources */ = {isa = PBXBuildFile; fileRef = 6D61B8FC1E03C42D00BC1722 /* Main.storyboard */; };
		6D61B9091E03C42D00BC1722 /* ViewController.swift in Sources */ = {isa = PBXBuildFile; fileRef = 6D61B9001E03C42D00BC1722 /* ViewController.swift */; };
		6DD203871E03CCDA003DD7A3 /* Loader.swift in Sources */ = {isa = PBXBuildFile; fileRef = 6DD203861E03CCDA003DD7A3 /* Loader.swift */; };
		F1D15E2DFA7647717642224D /* Pods_TemplateProject.framework in Frameworks */ = {isa = PBXBuildFile; fileRef = 0AE2CD266A71586234445B2E /* Pods_TemplateProject.framework */; };
/* End PBXBuildFile section */

/* Begin PBXFileReference section */
		0AE2CD266A71586234445B2E /* Pods_TemplateProject.framework */ = {isa = PBXFileReference; explicitFileType = wrapper.framework; includeInIndex = 0; path = Pods_TemplateProject.framework; sourceTree = BUILT_PRODUCTS_DIR; };
		3D4D974E892D3CADA33743B2 /* Pods-TemplateProject.debug.xcconfig */ = {isa = PBXFileReference; includeInIndex = 1; lastKnownFileType = text.xcconfig; name = "Pods-TemplateProject.debug.xcconfig"; path = "Pods/Target Support Files/Pods-TemplateProject/Pods-TemplateProject.debug.xcconfig"; sourceTree = "<group>"; };
		47D952802EB13826987C41AA /* Pods-TemplateProject.release.xcconfig */ = {isa = PBXFileReference; includeInIndex = 1; lastKnownFileType = text.xcconfig; name = "Pods-TemplateProject.release.xcconfig"; path = "Pods/Target Support Files/Pods-TemplateProject/Pods-TemplateProject.release.xcconfig"; sourceTree = "<group>"; };
		6D61B8D21E03C33100BC1722 /* TemplateProject.app */ = {isa = PBXFileReference; explicitFileType = wrapper.application; includeInIndex = 0; path = TemplateProject.app; sourceTree = BUILT_PRODUCTS_DIR; };
		6D61B8F61E03C42D00BC1722 /* AppDelegate.swift */ = {isa = PBXFileReference; fileEncoding = 4; lastKnownFileType = sourcecode.swift; path = AppDelegate.swift; sourceTree = "<group>"; };
		6D61B8F91E03C42D00BC1722 /* Assets.xcassets */ = {isa = PBXFileReference; lastKnownFileType = folder.assetcatalog; path = Assets.xcassets; sourceTree = "<group>"; };
		6D61B8FB1E03C42D00BC1722 /* Base */ = {isa = PBXFileReference; lastKnownFileType = file.storyboard; name = Base; path = Base.lproj/LaunchScreen.storyboard; sourceTree = "<group>"; };
		6D61B8FD1E03C42D00BC1722 /* Base */ = {isa = PBXFileReference; lastKnownFileType = file.storyboard; name = Base; path = Base.lproj/Main.storyboard; sourceTree = "<group>"; };
		6D61B8FE1E03C42D00BC1722 /* TemplateProject-Info.plist */ = {isa = PBXFileReference; fileEncoding = 4; lastKnownFileType = text.plist.xml; path = "TemplateProject-Info.plist"; sourceTree = "<group>"; };
		6D61B9001E03C42D00BC1722 /* ViewController.swift */ = {isa = PBXFileReference; fileEncoding = 4; lastKnownFileType = sourcecode.swift; path = ViewController.swift; sourceTree = "<group>"; };
		6DD203861E03CCDA003DD7A3 /* Loader.swift */ = {isa = PBXFileReference; fileEncoding = 4; lastKnownFileType = sourcecode.swift; name = Loader.swift; path = Common/Loader/Loader.swift; sourceTree = "<group>"; };
/* End PBXFileReference section */

/* Begin PBXFrameworksBuildPhase section */
		6D61B8CF1E03C33100BC1722 /* Frameworks */ = {
			isa = PBXFrameworksBuildPhase;
			buildActionMask = 2147483647;
			files = (
				F1D15E2DFA7647717642224D /* Pods_TemplateProject.framework in Frameworks */,
			);
			runOnlyForDeploymentPostprocessing = 0;
		};
/* End PBXFrameworksBuildPhase section */

/* Begin PBXGroup section */
		402E6FF517C6E64C1BD5ED2C /* Pods */ = {
			isa = PBXGroup;
			children = (
				3D4D974E892D3CADA33743B2 /* Pods-TemplateProject.debug.xcconfig */,
				47D952802EB13826987C41AA /* Pods-TemplateProject.release.xcconfig */,
			);
			name = Pods;
			sourceTree = "<group>";
		};
		6D61B8C91E03C33100BC1722 = {
			isa = PBXGroup;
			children = (
				6D61B8F51E03C42D00BC1722 /* Code */,
				6D61B8D31E03C33100BC1722 /* Products */,
				6DF552731E03C70B0044CF0D /* Frameworks */,
				402E6FF517C6E64C1BD5ED2C /* Pods */,
			);
			sourceTree = "<group>";
		};
		6D61B8D31E03C33100BC1722 /* Products */ = {
			isa = PBXGroup;
			children = (
				6D61B8D21E03C33100BC1722 /* TemplateProject.app */,
			);
			name = Products;
			sourceTree = "<group>";
		};
		6D61B8F51E03C42D00BC1722 /* Code */ = {
			isa = PBXGroup;
			children = (
				6D61B8F61E03C42D00BC1722 /* AppDelegate.swift */,
				6D61B8F71E03C42D00BC1722 /* Frameworks */,
				6D61B8F81E03C42D00BC1722 /* Resources */,
				6D61B8FF1E03C42D00BC1722 /* UI */,
			);
			path = Code;
			sourceTree = "<group>";
		};
		6D61B8F71E03C42D00BC1722 /* Frameworks */ = {
			isa = PBXGroup;
			children = (
			);
			path = Frameworks;
			sourceTree = "<group>";
		};
		6D61B8F81E03C42D00BC1722 /* Resources */ = {
			isa = PBXGroup;
			children = (
				6D61B8F91E03C42D00BC1722 /* Assets.xcassets */,
				6D61B8FA1E03C42D00BC1722 /* LaunchScreen.storyboard */,
				6D61B8FC1E03C42D00BC1722 /* Main.storyboard */,
				6D61B8FE1E03C42D00BC1722 /* TemplateProject-Info.plist */,
			);
			path = Resources;
			sourceTree = "<group>";
		};
		6D61B8FF1E03C42D00BC1722 /* UI */ = {
			isa = PBXGroup;
			children = (
				6DD203841E03CCB5003DD7A3 /* Common */,
				6D61B9001E03C42D00BC1722 /* ViewController.swift */,
			);
			path = UI;
			sourceTree = "<group>";
		};
		6DD203841E03CCB5003DD7A3 /* Common */ = {
			isa = PBXGroup;
			children = (
				6DD203851E03CCC1003DD7A3 /* Loader */,
			);
			name = Common;
			sourceTree = "<group>";
		};
		6DD203851E03CCC1003DD7A3 /* Loader */ = {
			isa = PBXGroup;
			children = (
				6DD203861E03CCDA003DD7A3 /* Loader.swift */,
			);
			name = Loader;
			sourceTree = "<group>";
		};
		6DF552731E03C70B0044CF0D /* Frameworks */ = {
			isa = PBXGroup;
			children = (
				0AE2CD266A71586234445B2E /* Pods_TemplateProject.framework */,
			);
			name = Frameworks;
			sourceTree = "<group>";
		};
/* End PBXGroup section */

/* Begin PBXNativeTarget section */
		6D61B8D11E03C33100BC1722 /* TemplateProject */ = {
			isa = PBXNativeTarget;
			buildConfigurationList = 6D61B8EF1E03C33100BC1722 /* Build configuration list for PBXNativeTarget "TemplateProject" */;
			buildPhases = (
				56C91102169257C35F8B447F /* [CP] Check Pods Manifest.lock */,
				6D61B8CE1E03C33100BC1722 /* Sources */,
				6D61B8CF1E03C33100BC1722 /* Frameworks */,
				6D61B8D01E03C33100BC1722 /* Resources */,
				ADA084CC66C05B86B068FB96 /* [CP] Embed Pods Frameworks */,
				C6BC407EC7B2389E617A20E6 /* [CP] Copy Pods Resources */,
			);
			buildRules = (
			);
			dependencies = (
			);
			name = TemplateProject;
			productName = TemplateProject;
			productReference = 6D61B8D21E03C33100BC1722 /* TemplateProject.app */;
			productType = "com.apple.product-type.application";
		};
/* End PBXNativeTarget section */

/* Begin PBXProject section */
		6D61B8CA1E03C33100BC1722 /* Project object */ = {
			isa = PBXProject;
			attributes = {
				LastSwiftUpdateCheck = 0800;
				LastUpgradeCheck = 0800;
				ORGANIZATIONNAME = Nickelfox;
				TargetAttributes = {
					6D61B8D11E03C33100BC1722 = {
						CreatedOnToolsVersion = 8.0;
						DevelopmentTeam = NY45473NT8;
						ProvisioningStyle = Automatic;
					};
				};
			};
			buildConfigurationList = 6D61B8CD1E03C33100BC1722 /* Build configuration list for PBXProject "TemplateProject" */;
			compatibilityVersion = "Xcode 3.2";
			developmentRegion = English;
			hasScannedForEncodings = 0;
			knownRegions = (
				en,
				Base,
			);
			mainGroup = 6D61B8C91E03C33100BC1722;
			productRefGroup = 6D61B8D31E03C33100BC1722 /* Products */;
			projectDirPath = "";
			projectRoot = "";
			targets = (
				6D61B8D11E03C33100BC1722 /* TemplateProject */,
			);
		};
/* End PBXProject section */

/* Begin PBXResourcesBuildPhase section */
		6D61B8D01E03C33100BC1722 /* Resources */ = {
			isa = PBXResourcesBuildPhase;
			buildActionMask = 2147483647;
			files = (
				6D61B9071E03C42D00BC1722 /* Main.storyboard in Resources */,
				6D61B9051E03C42D00BC1722 /* Assets.xcassets in Resources */,
				6D61B9061E03C42D00BC1722 /* LaunchScreen.storyboard in Resources */,
			);
			runOnlyForDeploymentPostprocessing = 0;
		};
/* End PBXResourcesBuildPhase section */

/* Begin PBXShellScriptBuildPhase section */
		56C91102169257C35F8B447F /* [CP] Check Pods Manifest.lock */ = {
			isa = PBXShellScriptBuildPhase;
			buildActionMask = 2147483647;
			files = (
			);
			inputPaths = (
			);
			name = "[CP] Check Pods Manifest.lock";
			outputPaths = (
			);
			runOnlyForDeploymentPostprocessing = 0;
			shellPath = /bin/sh;
			shellScript = "diff \"${PODS_ROOT}/../Podfile.lock\" \"${PODS_ROOT}/Manifest.lock\" > /dev/null\nif [ $? != 0 ] ; then\n    # print error to STDERR\n    echo \"error: The sandbox is not in sync with the Podfile.lock. Run 'pod install' or update your CocoaPods installation.\" >&2\n    exit 1\nfi\n";
			showEnvVarsInLog = 0;
		};
		ADA084CC66C05B86B068FB96 /* [CP] Embed Pods Frameworks */ = {
			isa = PBXShellScriptBuildPhase;
			buildActionMask = 2147483647;
			files = (
			);
			inputPaths = (
			);
			name = "[CP] Embed Pods Frameworks";
			outputPaths = (
			);
			runOnlyForDeploymentPostprocessing = 0;
			shellPath = /bin/sh;
			shellScript = "\"${SRCROOT}/Pods/Target Support Files/Pods-TemplateProject/Pods-TemplateProject-frameworks.sh\"\n";
			showEnvVarsInLog = 0;
		};
		C6BC407EC7B2389E617A20E6 /* [CP] Copy Pods Resources */ = {
			isa = PBXShellScriptBuildPhase;
			buildActionMask = 2147483647;
			files = (
			);
			inputPaths = (
			);
			name = "[CP] Copy Pods Resources";
			outputPaths = (
			);
			runOnlyForDeploymentPostprocessing = 0;
			shellPath = /bin/sh;
			shellScript = "\"${SRCROOT}/Pods/Target Support Files/Pods-TemplateProject/Pods-TemplateProject-resources.sh\"\n";
			showEnvVarsInLog = 0;
		};
/* End PBXShellScriptBuildPhase section */

/* Begin PBXSourcesBuildPhase section */
		6D61B8CE1E03C33100BC1722 /* Sources */ = {
			isa = PBXSourcesBuildPhase;
			buildActionMask = 2147483647;
			files = (
				6D61B9091E03C42D00BC1722 /* ViewController.swift in Sources */,
				6D61B9041E03C42D00BC1722 /* AppDelegate.swift in Sources */,
				6DD203871E03CCDA003DD7A3 /* Loader.swift in Sources */,
			);
			runOnlyForDeploymentPostprocessing = 0;
		};
/* End PBXSourcesBuildPhase section */

/* Begin PBXVariantGroup section */
		6D61B8FA1E03C42D00BC1722 /* LaunchScreen.storyboard */ = {
			isa = PBXVariantGroup;
			children = (
				6D61B8FB1E03C42D00BC1722 /* Base */,
			);
			name = LaunchScreen.storyboard;
			sourceTree = "<group>";
		};
		6D61B8FC1E03C42D00BC1722 /* Main.storyboard */ = {
			isa = PBXVariantGroup;
			children = (
				6D61B8FD1E03C42D00BC1722 /* Base */,
			);
			name = Main.storyboard;
			sourceTree = "<group>";
		};
/* End PBXVariantGroup section */

/* Begin XCBuildConfiguration section */
		6D61B8ED1E03C33100BC1722 /* Debug */ = {
			isa = XCBuildConfiguration;
			buildSettings = {
				ALWAYS_SEARCH_USER_PATHS = NO;
				CLANG_ANALYZER_NONNULL = YES;
				CLANG_CXX_LANGUAGE_STANDARD = "gnu++0x";
				CLANG_CXX_LIBRARY = "libc++";
				CLANG_ENABLE_MODULES = YES;
				CLANG_ENABLE_OBJC_ARC = YES;
				CLANG_WARN_BOOL_CONVERSION = YES;
				CLANG_WARN_CONSTANT_CONVERSION = YES;
				CLANG_WARN_DIRECT_OBJC_ISA_USAGE = YES_ERROR;
				CLANG_WARN_DOCUMENTATION_COMMENTS = YES;
				CLANG_WARN_EMPTY_BODY = YES;
				CLANG_WARN_ENUM_CONVERSION = YES;
				CLANG_WARN_INFINITE_RECURSION = YES;
				CLANG_WARN_INT_CONVERSION = YES;
				CLANG_WARN_OBJC_ROOT_CLASS = YES_ERROR;
				CLANG_WARN_SUSPICIOUS_MOVES = YES;
				CLANG_WARN_UNREACHABLE_CODE = YES;
				CLANG_WARN__DUPLICATE_METHOD_MATCH = YES;
				"CODE_SIGN_IDENTITY[sdk=iphoneos*]" = "iPhone Developer";
				COPY_PHASE_STRIP = NO;
				DEBUG_INFORMATION_FORMAT = dwarf;
				ENABLE_STRICT_OBJC_MSGSEND = YES;
				ENABLE_TESTABILITY = YES;
				GCC_C_LANGUAGE_STANDARD = gnu99;
				GCC_DYNAMIC_NO_PIC = NO;
				GCC_NO_COMMON_BLOCKS = YES;
				GCC_OPTIMIZATION_LEVEL = 0;
				GCC_PREPROCESSOR_DEFINITIONS = (
					"DEBUG=1",
					"$(inherited)",
				);
				GCC_WARN_64_TO_32_BIT_CONVERSION = YES;
				GCC_WARN_ABOUT_RETURN_TYPE = YES_ERROR;
				GCC_WARN_UNDECLARED_SELECTOR = YES;
				GCC_WARN_UNINITIALIZED_AUTOS = YES_AGGRESSIVE;
				GCC_WARN_UNUSED_FUNCTION = YES;
				GCC_WARN_UNUSED_VARIABLE = YES;
				IPHONEOS_DEPLOYMENT_TARGET = 9.0;
				MTL_ENABLE_DEBUG_INFO = YES;
				ONLY_ACTIVE_ARCH = YES;
				SDKROOT = iphoneos;
				SWIFT_ACTIVE_COMPILATION_CONDITIONS = DEBUG;
				SWIFT_OPTIMIZATION_LEVEL = "-Onone";
				TARGETED_DEVICE_FAMILY = "1,2";
			};
			name = Debug;
		};
		6D61B8EE1E03C33100BC1722 /* Release */ = {
			isa = XCBuildConfiguration;
			buildSettings = {
				ALWAYS_SEARCH_USER_PATHS = NO;
				CLANG_ANALYZER_NONNULL = YES;
				CLANG_CXX_LANGUAGE_STANDARD = "gnu++0x";
				CLANG_CXX_LIBRARY = "libc++";
				CLANG_ENABLE_MODULES = YES;
				CLANG_ENABLE_OBJC_ARC = YES;
				CLANG_WARN_BOOL_CONVERSION = YES;
				CLANG_WARN_CONSTANT_CONVERSION = YES;
				CLANG_WARN_DIRECT_OBJC_ISA_USAGE = YES_ERROR;
				CLANG_WARN_DOCUMENTATION_COMMENTS = YES;
				CLANG_WARN_EMPTY_BODY = YES;
				CLANG_WARN_ENUM_CONVERSION = YES;
				CLANG_WARN_INFINITE_RECURSION = YES;
				CLANG_WARN_INT_CONVERSION = YES;
				CLANG_WARN_OBJC_ROOT_CLASS = YES_ERROR;
				CLANG_WARN_SUSPICIOUS_MOVES = YES;
				CLANG_WARN_UNREACHABLE_CODE = YES;
				CLANG_WARN__DUPLICATE_METHOD_MATCH = YES;
				"CODE_SIGN_IDENTITY[sdk=iphoneos*]" = "iPhone Developer";
				COPY_PHASE_STRIP = NO;
				DEBUG_INFORMATION_FORMAT = "dwarf-with-dsym";
				ENABLE_NS_ASSERTIONS = NO;
				ENABLE_STRICT_OBJC_MSGSEND = YES;
				GCC_C_LANGUAGE_STANDARD = gnu99;
				GCC_NO_COMMON_BLOCKS = YES;
				GCC_WARN_64_TO_32_BIT_CONVERSION = YES;
				GCC_WARN_ABOUT_RETURN_TYPE = YES_ERROR;
				GCC_WARN_UNDECLARED_SELECTOR = YES;
				GCC_WARN_UNINITIALIZED_AUTOS = YES_AGGRESSIVE;
				GCC_WARN_UNUSED_FUNCTION = YES;
				GCC_WARN_UNUSED_VARIABLE = YES;
				IPHONEOS_DEPLOYMENT_TARGET = 9.0;
				MTL_ENABLE_DEBUG_INFO = NO;
				SDKROOT = iphoneos;
				SWIFT_OPTIMIZATION_LEVEL = "-Owholemodule";
				TARGETED_DEVICE_FAMILY = "1,2";
				VALIDATE_PRODUCT = YES;
			};
			name = Release;
		};
		6D61B8F01E03C33100BC1722 /* Debug */ = {
			isa = XCBuildConfiguration;
			baseConfigurationReference = 3D4D974E892D3CADA33743B2 /* Pods-TemplateProject.debug.xcconfig */;
			buildSettings = {
				ASSETCATALOG_COMPILER_APPICON_NAME = AppIcon;
				ASSETCATALOG_COMPILER_LAUNCHIMAGE_NAME = LaunchImage;
				DEVELOPMENT_TEAM = NY45473NT8;
				INFOPLIST_FILE = "$(SRCROOT)/Code/Resources/TemplateProject-Info.plist";
				LD_RUNPATH_SEARCH_PATHS = "$(inherited) @executable_path/Frameworks";
				PRODUCT_BUNDLE_IDENTIFIER = "com.nickelfox.-.TemplateProject";
				PRODUCT_NAME = "$(TARGET_NAME)";
				SWIFT_VERSION = 3.0;
			};
			name = Debug;
		};
		6D61B8F11E03C33100BC1722 /* Release */ = {
			isa = XCBuildConfiguration;
			baseConfigurationReference = 47D952802EB13826987C41AA /* Pods-TemplateProject.release.xcconfig */;
			buildSettings = {
				ASSETCATALOG_COMPILER_APPICON_NAME = AppIcon;
				ASSETCATALOG_COMPILER_LAUNCHIMAGE_NAME = LaunchImage;
				DEVELOPMENT_TEAM = NY45473NT8;
				INFOPLIST_FILE = "$(SRCROOT)/Code/Resources/TemplateProject-Info.plist";
				LD_RUNPATH_SEARCH_PATHS = "$(inherited) @executable_path/Frameworks";
				PRODUCT_BUNDLE_IDENTIFIER = "com.nickelfox.-.TemplateProject";
				PRODUCT_NAME = "$(TARGET_NAME)";
				SWIFT_VERSION = 3.0;
			};
			name = Release;
		};
/* End XCBuildConfiguration section */

/* Begin XCConfigurationList section */
		6D61B8CD1E03C33100BC1722 /* Build configuration list for PBXProject "TemplateProject" */ = {
			isa = XCConfigurationList;
			buildConfigurations = (
				6D61B8ED1E03C33100BC1722 /* Debug */,
				6D61B8EE1E03C33100BC1722 /* Release */,
			);
			defaultConfigurationIsVisible = 0;
			defaultConfigurationName = Release;
		};
		6D61B8EF1E03C33100BC1722 /* Build configuration list for PBXNativeTarget "TemplateProject" */ = {
			isa = XCConfigurationList;
			buildConfigurations = (
				6D61B8F01E03C33100BC1722 /* Debug */,
				6D61B8F11E03C33100BC1722 /* Release */,
			);
			defaultConfigurationIsVisible = 0;
			defaultConfigurationName = Release;
		};
/* End XCConfigurationList section */
	};
	rootObject = 6D61B8CA1E03C33100BC1722 /* Project object */;
}
